
Microsoft Visual Studio Solution File, Format Version 12.00
# Visual Studio Version 17
VisualStudioVersion = 17.5.33414.496
MinimumVisualStudioVersion = 10.0.40219.1
Project("{FAE04EC0-301F-11D3-BF4B-00C04F79EFBC}") = "PredictAPI", "PredictAPI\PredictAPI.csproj", "{A76D54D6-DF40-4EB2-A076-2E8B7EDD408D}"
EndProject
Global
	GlobalSection(SolutionConfigurationPlatforms) = preSolution
		Debug|Any CPU = Debug|Any CPU
		Release|Any CPU = Release|Any CPU
	EndGlobalSection
	GlobalSection(ProjectConfigurationPlatforms) = postSolution
		{A76D54D6-DF40-4EB2-A076-2E8B7EDD408D}.Debug|Any CPU.ActiveCfg = Debug|Any CPU
		{A76D54D6-DF40-4EB2-A076-2E8B7EDD408D}.Debug|Any CPU.Build.0 = Debug|Any CPU
		{A76D54D6-DF40-4EB2-A076-2E8B7EDD408D}.Release|Any CPU.ActiveCfg = Release|Any CPU
		{A76D54D6-DF40-4EB2-A076-2E8B7EDD408D}.Release|Any CPU.Build.0 = Release|Any CPU
	EndGlobalSection
	GlobalSection(SolutionProperties) = preSolution
		HideSolutionNode = FALSE
	EndGlobalSection
	GlobalSection(ExtensibilityGlobals) = postSolution
		SolutionGuid = {95F419CC-7900-4D23-ACC4-DC0297C6D28F}
	EndGlobalSection
EndGlobal
