
Microsoft Visual Studio Solution File, Format Version 12.00
# Visual Studio Version 17
VisualStudioVersion = 17.5.33516.290
MinimumVisualStudioVersion = 10.0.40219.1
Project("{9A19103F-16F7-4668-BE54-9A1E7A4F7556}") = "PredictAPI", "Teste1\PredictAPI.csproj", "{5CB0EB09-7CED-4940-B787-9A602CFD3287}"
EndProject
Global
	GlobalSection(SolutionConfigurationPlatforms) = preSolution
		Debug|Any CPU = Debug|Any CPU
		Release|Any CPU = Release|Any CPU
	EndGlobalSection
	GlobalSection(ProjectConfigurationPlatforms) = postSolution
		{5CB0EB09-7CED-4940-B787-9A602CFD3287}.Debug|Any CPU.ActiveCfg = Debug|Any CPU
		{5CB0EB09-7CED-4940-B787-9A602CFD3287}.Debug|Any CPU.Build.0 = Debug|Any CPU
		{5CB0EB09-7CED-4940-B787-9A602CFD3287}.Release|Any CPU.ActiveCfg = Release|Any CPU
		{5CB0EB09-7CED-4940-B787-9A602CFD3287}.Release|Any CPU.Build.0 = Release|Any CPU
	EndGlobalSection
	GlobalSection(SolutionProperties) = preSolution
		HideSolutionNode = FALSE
	EndGlobalSection
	GlobalSection(ExtensibilityGlobals) = postSolution
		SolutionGuid = {BF1F5773-5D1A-4607-9BA3-CA1D220DB6C4}
	EndGlobalSection
EndGlobal
